// !$*UTF8*$!
{
	archiveVersion = 1;
	classes = {
	};
	objectVersion = 55;
	objects = {

/* Begin PBXBuildFile section */
		0F1CD9EE274C064900343B28 /* AppDelegate.swift in Sources */ = {isa = PBXBuildFile; fileRef = 0F1CD9ED274C064900343B28 /* AppDelegate.swift */; };
		0F1CD9F0274C064900343B28 /* SceneDelegate.swift in Sources */ = {isa = PBXBuildFile; fileRef = 0F1CD9EF274C064900343B28 /* SceneDelegate.swift */; };
		0F1CD9F5274C064900343B28 /* Main.storyboard in Resources */ = {isa = PBXBuildFile; fileRef = 0F1CD9F3274C064900343B28 /* Main.storyboard */; };
		0F1CD9F7274C064B00343B28 /* Assets.xcassets in Resources */ = {isa = PBXBuildFile; fileRef = 0F1CD9F6274C064B00343B28 /* Assets.xcassets */; };
		0F1CD9FA274C064B00343B28 /* LaunchScreen.storyboard in Resources */ = {isa = PBXBuildFile; fileRef = 0F1CD9F8274C064B00343B28 /* LaunchScreen.storyboard */; };
		0F1CDA05274C064B00343B28 /* TheMilkyWayTests.swift in Sources */ = {isa = PBXBuildFile; fileRef = 0F1CDA04274C064B00343B28 /* TheMilkyWayTests.swift */; };
		0F1CDA0F274C064B00343B28 /* TheMilkyWayUITests.swift in Sources */ = {isa = PBXBuildFile; fileRef = 0F1CDA0E274C064B00343B28 /* TheMilkyWayUITests.swift */; };
		0F1CDA11274C064B00343B28 /* TheMilkyWayUITestsLaunchTests.swift in Sources */ = {isa = PBXBuildFile; fileRef = 0F1CDA10274C064B00343B28 /* TheMilkyWayUITestsLaunchTests.swift */; };
		0F1CDA22274C0F8900343B28 /* NasaResponse.swift in Sources */ = {isa = PBXBuildFile; fileRef = 0F1CDA21274C0F8900343B28 /* NasaResponse.swift */; };
		0F1CDA24274C0FF000343B28 /* WebService.swift in Sources */ = {isa = PBXBuildFile; fileRef = 0F1CDA23274C0FF000343B28 /* WebService.swift */; };
		0F1CDA26274CDC4400343B28 /* ItemViewModel.swift in Sources */ = {isa = PBXBuildFile; fileRef = 0F1CDA25274CDC4400343B28 /* ItemViewModel.swift */; };
		0F1CDA2B274CF9CC00343B28 /* HomePageTableViewCell.swift in Sources */ = {isa = PBXBuildFile; fileRef = 0F1CDA2A274CF9CC00343B28 /* HomePageTableViewCell.swift */; };
		0F1CDA2D274D0BA200343B28 /* DetailPageViewController.swift in Sources */ = {isa = PBXBuildFile; fileRef = 0F1CDA2C274D0BA200343B28 /* DetailPageViewController.swift */; };
		0F1CDA30274D169B00343B28 /* ImageCache.swift in Sources */ = {isa = PBXBuildFile; fileRef = 0F1CDA2F274D169B00343B28 /* ImageCache.swift */; };
		0F1CDA32274D16E100343B28 /* ImageLoader.swift in Sources */ = {isa = PBXBuildFile; fileRef = 0F1CDA31274D16E100343B28 /* ImageLoader.swift */; };
		0FC0E92F274E9620004B7160 /* HomePageViewController.swift in Sources */ = {isa = PBXBuildFile; fileRef = 0FC0E92E274E9620004B7160 /* HomePageViewController.swift */; };
/* End PBXBuildFile section */

/* Begin PBXContainerItemProxy section */
		0F1CDA01274C064B00343B28 /* PBXContainerItemProxy */ = {
			isa = PBXContainerItemProxy;
			containerPortal = 0F1CD9E2274C064900343B28 /* Project object */;
			proxyType = 1;
			remoteGlobalIDString = 0F1CD9E9274C064900343B28;
			remoteInfo = TheMilkyWay;
		};
		0F1CDA0B274C064B00343B28 /* PBXContainerItemProxy */ = {
			isa = PBXContainerItemProxy;
			containerPortal = 0F1CD9E2274C064900343B28 /* Project object */;
			proxyType = 1;
			remoteGlobalIDString = 0F1CD9E9274C064900343B28;
			remoteInfo = TheMilkyWay;
		};
/* End PBXContainerItemProxy section */

/* Begin PBXFileReference section */
		0F1CD9EA274C064900343B28 /* TheMilkyWay.app */ = {isa = PBXFileReference; explicitFileType = wrapper.application; includeInIndex = 0; path = TheMilkyWay.app; sourceTree = BUILT_PRODUCTS_DIR; };
		0F1CD9ED274C064900343B28 /* AppDelegate.swift */ = {isa = PBXFileReference; lastKnownFileType = sourcecode.swift; path = AppDelegate.swift; sourceTree = "<group>"; };
		0F1CD9EF274C064900343B28 /* SceneDelegate.swift */ = {isa = PBXFileReference; lastKnownFileType = sourcecode.swift; path = SceneDelegate.swift; sourceTree = "<group>"; };
		0F1CD9F4274C064900343B28 /* Base */ = {isa = PBXFileReference; lastKnownFileType = file.storyboard; name = Base; path = Base.lproj/Main.storyboard; sourceTree = "<group>"; };
		0F1CD9F6274C064B00343B28 /* Assets.xcassets */ = {isa = PBXFileReference; lastKnownFileType = folder.assetcatalog; path = Assets.xcassets; sourceTree = "<group>"; };
		0F1CD9F9274C064B00343B28 /* Base */ = {isa = PBXFileReference; lastKnownFileType = file.storyboard; name = Base; path = Base.lproj/LaunchScreen.storyboard; sourceTree = "<group>"; };
		0F1CD9FB274C064B00343B28 /* Info.plist */ = {isa = PBXFileReference; lastKnownFileType = text.plist.xml; path = Info.plist; sourceTree = "<group>"; };
		0F1CDA00274C064B00343B28 /* TheMilkyWayTests.xctest */ = {isa = PBXFileReference; explicitFileType = wrapper.cfbundle; includeInIndex = 0; path = TheMilkyWayTests.xctest; sourceTree = BUILT_PRODUCTS_DIR; };
		0F1CDA04274C064B00343B28 /* TheMilkyWayTests.swift */ = {isa = PBXFileReference; lastKnownFileType = sourcecode.swift; path = TheMilkyWayTests.swift; sourceTree = "<group>"; };
		0F1CDA0A274C064B00343B28 /* TheMilkyWayUITests.xctest */ = {isa = PBXFileReference; explicitFileType = wrapper.cfbundle; includeInIndex = 0; path = TheMilkyWayUITests.xctest; sourceTree = BUILT_PRODUCTS_DIR; };
		0F1CDA0E274C064B00343B28 /* TheMilkyWayUITests.swift */ = {isa = PBXFileReference; lastKnownFileType = sourcecode.swift; path = TheMilkyWayUITests.swift; sourceTree = "<group>"; };
		0F1CDA10274C064B00343B28 /* TheMilkyWayUITestsLaunchTests.swift */ = {isa = PBXFileReference; lastKnownFileType = sourcecode.swift; path = TheMilkyWayUITestsLaunchTests.swift; sourceTree = "<group>"; };
		0F1CDA21274C0F8900343B28 /* NasaResponse.swift */ = {isa = PBXFileReference; lastKnownFileType = sourcecode.swift; path = NasaResponse.swift; sourceTree = "<group>"; };
		0F1CDA23274C0FF000343B28 /* WebService.swift */ = {isa = PBXFileReference; lastKnownFileType = sourcecode.swift; path = WebService.swift; sourceTree = "<group>"; };
		0F1CDA25274CDC4400343B28 /* ItemViewModel.swift */ = {isa = PBXFileReference; lastKnownFileType = sourcecode.swift; path = ItemViewModel.swift; sourceTree = "<group>"; };
		0F1CDA2A274CF9CC00343B28 /* HomePageTableViewCell.swift */ = {isa = PBXFileReference; lastKnownFileType = sourcecode.swift; path = HomePageTableViewCell.swift; sourceTree = "<group>"; };
		0F1CDA2C274D0BA200343B28 /* DetailPageViewController.swift */ = {isa = PBXFileReference; lastKnownFileType = sourcecode.swift; path = DetailPageViewController.swift; sourceTree = "<group>"; };
		0F1CDA2F274D169B00343B28 /* ImageCache.swift */ = {isa = PBXFileReference; lastKnownFileType = sourcecode.swift; path = ImageCache.swift; sourceTree = "<group>"; };
		0F1CDA31274D16E100343B28 /* ImageLoader.swift */ = {isa = PBXFileReference; lastKnownFileType = sourcecode.swift; path = ImageLoader.swift; sourceTree = "<group>"; };
		0FC0E92E274E9620004B7160 /* HomePageViewController.swift */ = {isa = PBXFileReference; lastKnownFileType = sourcecode.swift; path = HomePageViewController.swift; sourceTree = "<group>"; };
/* End PBXFileReference section */

/* Begin PBXFrameworksBuildPhase section */
		0F1CD9E7274C064900343B28 /* Frameworks */ = {
			isa = PBXFrameworksBuildPhase;
			buildActionMask = 2147483647;
			files = (
			);
			runOnlyForDeploymentPostprocessing = 0;
		};
		0F1CD9FD274C064B00343B28 /* Frameworks */ = {
			isa = PBXFrameworksBuildPhase;
			buildActionMask = 2147483647;
			files = (
			);
			runOnlyForDeploymentPostprocessing = 0;
		};
		0F1CDA07274C064B00343B28 /* Frameworks */ = {
			isa = PBXFrameworksBuildPhase;
			buildActionMask = 2147483647;
			files = (
			);
			runOnlyForDeploymentPostprocessing = 0;
		};
/* End PBXFrameworksBuildPhase section */

/* Begin PBXGroup section */
		0F1CD9E1274C064900343B28 = {
			isa = PBXGroup;
			children = (
				0F1CD9EC274C064900343B28 /* TheMilkyWay */,
				0F1CDA03274C064B00343B28 /* TheMilkyWayTests */,
				0F1CDA0D274C064B00343B28 /* TheMilkyWayUITests */,
				0F1CD9EB274C064900343B28 /* Products */,
			);
			sourceTree = "<group>";
		};
		0F1CD9EB274C064900343B28 /* Products */ = {
			isa = PBXGroup;
			children = (
				0F1CD9EA274C064900343B28 /* TheMilkyWay.app */,
				0F1CDA00274C064B00343B28 /* TheMilkyWayTests.xctest */,
				0F1CDA0A274C064B00343B28 /* TheMilkyWayUITests.xctest */,
			);
			name = Products;
			sourceTree = "<group>";
		};
		0F1CD9EC274C064900343B28 /* TheMilkyWay */ = {
			isa = PBXGroup;
			children = (
				0F1CDA2E274D161600343B28 /* Utilities */,
				0F1CDA29274CF96500343B28 /* Cells */,
				0F1CDA20274C078900343B28 /* Services */,
				0F1CDA1F274C077A00343B28 /* ViewModels */,
				0F1CDA1E274C076E00343B28 /* Models */,
				0F1CDA1D274C076300343B28 /* Controllers */,
				0F1CD9ED274C064900343B28 /* AppDelegate.swift */,
				0F1CD9EF274C064900343B28 /* SceneDelegate.swift */,
				0F1CD9F3274C064900343B28 /* Main.storyboard */,
				0F1CD9F6274C064B00343B28 /* Assets.xcassets */,
				0F1CD9F8274C064B00343B28 /* LaunchScreen.storyboard */,
				0F1CD9FB274C064B00343B28 /* Info.plist */,
			);
			path = TheMilkyWay;
			sourceTree = "<group>";
		};
		0F1CDA03274C064B00343B28 /* TheMilkyWayTests */ = {
			isa = PBXGroup;
			children = (
				0F1CDA04274C064B00343B28 /* TheMilkyWayTests.swift */,
			);
			path = TheMilkyWayTests;
			sourceTree = "<group>";
		};
		0F1CDA0D274C064B00343B28 /* TheMilkyWayUITests */ = {
			isa = PBXGroup;
			children = (
				0F1CDA0E274C064B00343B28 /* TheMilkyWayUITests.swift */,
				0F1CDA10274C064B00343B28 /* TheMilkyWayUITestsLaunchTests.swift */,
			);
			path = TheMilkyWayUITests;
			sourceTree = "<group>";
		};
		0F1CDA1D274C076300343B28 /* Controllers */ = {
			isa = PBXGroup;
			children = (
				0F1CDA2C274D0BA200343B28 /* DetailPageViewController.swift */,
				0FC0E92E274E9620004B7160 /* HomePageViewController.swift */,
			);
			path = Controllers;
			sourceTree = "<group>";
		};
		0F1CDA1E274C076E00343B28 /* Models */ = {
			isa = PBXGroup;
			children = (
				0F1CDA21274C0F8900343B28 /* NasaResponse.swift */,
			);
			path = Models;
			sourceTree = "<group>";
		};
		0F1CDA1F274C077A00343B28 /* ViewModels */ = {
			isa = PBXGroup;
			children = (
				0F1CDA25274CDC4400343B28 /* ItemViewModel.swift */,
			);
			path = ViewModels;
			sourceTree = "<group>";
		};
		0F1CDA20274C078900343B28 /* Services */ = {
			isa = PBXGroup;
			children = (
				0F1CDA23274C0FF000343B28 /* WebService.swift */,
			);
			path = Services;
			sourceTree = "<group>";
		};
		0F1CDA29274CF96500343B28 /* Cells */ = {
			isa = PBXGroup;
			children = (
				0F1CDA2A274CF9CC00343B28 /* HomePageTableViewCell.swift */,
			);
			path = Cells;
			sourceTree = "<group>";
		};
		0F1CDA2E274D161600343B28 /* Utilities */ = {
			isa = PBXGroup;
			children = (
				0F1CDA2F274D169B00343B28 /* ImageCache.swift */,
				0F1CDA31274D16E100343B28 /* ImageLoader.swift */,
			);
			path = Utilities;
			sourceTree = "<group>";
		};
/* End PBXGroup section */

/* Begin PBXNativeTarget section */
		0F1CD9E9274C064900343B28 /* TheMilkyWay */ = {
			isa = PBXNativeTarget;
			buildConfigurationList = 0F1CDA14274C064B00343B28 /* Build configuration list for PBXNativeTarget "TheMilkyWay" */;
			buildPhases = (
				0F1CD9E6274C064900343B28 /* Sources */,
				0F1CD9E7274C064900343B28 /* Frameworks */,
				0F1CD9E8274C064900343B28 /* Resources */,
			);
			buildRules = (
			);
			dependencies = (
			);
			name = TheMilkyWay;
			productName = TheMilkyWay;
			productReference = 0F1CD9EA274C064900343B28 /* TheMilkyWay.app */;
			productType = "com.apple.product-type.application";
		};
		0F1CD9FF274C064B00343B28 /* TheMilkyWayTests */ = {
			isa = PBXNativeTarget;
			buildConfigurationList = 0F1CDA17274C064B00343B28 /* Build configuration list for PBXNativeTarget "TheMilkyWayTests" */;
			buildPhases = (
				0F1CD9FC274C064B00343B28 /* Sources */,
				0F1CD9FD274C064B00343B28 /* Frameworks */,
				0F1CD9FE274C064B00343B28 /* Resources */,
			);
			buildRules = (
			);
			dependencies = (
				0F1CDA02274C064B00343B28 /* PBXTargetDependency */,
			);
			name = TheMilkyWayTests;
			productName = TheMilkyWayTests;
			productReference = 0F1CDA00274C064B00343B28 /* TheMilkyWayTests.xctest */;
			productType = "com.apple.product-type.bundle.unit-test";
		};
		0F1CDA09274C064B00343B28 /* TheMilkyWayUITests */ = {
			isa = PBXNativeTarget;
			buildConfigurationList = 0F1CDA1A274C064B00343B28 /* Build configuration list for PBXNativeTarget "TheMilkyWayUITests" */;
			buildPhases = (
				0F1CDA06274C064B00343B28 /* Sources */,
				0F1CDA07274C064B00343B28 /* Frameworks */,
				0F1CDA08274C064B00343B28 /* Resources */,
			);
			buildRules = (
			);
			dependencies = (
				0F1CDA0C274C064B00343B28 /* PBXTargetDependency */,
			);
			name = TheMilkyWayUITests;
			productName = TheMilkyWayUITests;
			productReference = 0F1CDA0A274C064B00343B28 /* TheMilkyWayUITests.xctest */;
			productType = "com.apple.product-type.bundle.ui-testing";
		};
/* End PBXNativeTarget section */

/* Begin PBXProject section */
		0F1CD9E2274C064900343B28 /* Project object */ = {
			isa = PBXProject;
			attributes = {
				BuildIndependentTargetsInParallel = 1;
				LastSwiftUpdateCheck = 1310;
				LastUpgradeCheck = 1310;
				TargetAttributes = {
					0F1CD9E9274C064900343B28 = {
						CreatedOnToolsVersion = 13.1;
					};
					0F1CD9FF274C064B00343B28 = {
						CreatedOnToolsVersion = 13.1;
						TestTargetID = 0F1CD9E9274C064900343B28;
					};
					0F1CDA09274C064B00343B28 = {
						CreatedOnToolsVersion = 13.1;
						TestTargetID = 0F1CD9E9274C064900343B28;
					};
				};
			};
			buildConfigurationList = 0F1CD9E5274C064900343B28 /* Build configuration list for PBXProject "TheMilkyWay" */;
			compatibilityVersion = "Xcode 13.0";
			developmentRegion = en;
			hasScannedForEncodings = 0;
			knownRegions = (
				en,
				Base,
			);
			mainGroup = 0F1CD9E1274C064900343B28;
			productRefGroup = 0F1CD9EB274C064900343B28 /* Products */;
			projectDirPath = "";
			projectRoot = "";
			targets = (
				0F1CD9E9274C064900343B28 /* TheMilkyWay */,
				0F1CD9FF274C064B00343B28 /* TheMilkyWayTests */,
				0F1CDA09274C064B00343B28 /* TheMilkyWayUITests */,
			);
		};
/* End PBXProject section */

/* Begin PBXResourcesBuildPhase section */
		0F1CD9E8274C064900343B28 /* Resources */ = {
			isa = PBXResourcesBuildPhase;
			buildActionMask = 2147483647;
			files = (
				0F1CD9FA274C064B00343B28 /* LaunchScreen.storyboard in Resources */,
				0F1CD9F7274C064B00343B28 /* Assets.xcassets in Resources */,
				0F1CD9F5274C064900343B28 /* Main.storyboard in Resources */,
			);
			runOnlyForDeploymentPostprocessing = 0;
		};
		0F1CD9FE274C064B00343B28 /* Resources */ = {
			isa = PBXResourcesBuildPhase;
			buildActionMask = 2147483647;
			files = (
			);
			runOnlyForDeploymentPostprocessing = 0;
		};
		0F1CDA08274C064B00343B28 /* Resources */ = {
			isa = PBXResourcesBuildPhase;
			buildActionMask = 2147483647;
			files = (
			);
			runOnlyForDeploymentPostprocessing = 0;
		};
/* End PBXResourcesBuildPhase section */

/* Begin PBXSourcesBuildPhase section */
		0F1CD9E6274C064900343B28 /* Sources */ = {
			isa = PBXSourcesBuildPhase;
			buildActionMask = 2147483647;
			files = (
				0F1CDA2D274D0BA200343B28 /* DetailPageViewController.swift in Sources */,
				0F1CD9EE274C064900343B28 /* AppDelegate.swift in Sources */,
				0F1CDA32274D16E100343B28 /* ImageLoader.swift in Sources */,
				0F1CDA2B274CF9CC00343B28 /* HomePageTableViewCell.swift in Sources */,
				0F1CDA30274D169B00343B28 /* ImageCache.swift in Sources */,
				0F1CD9F0274C064900343B28 /* SceneDelegate.swift in Sources */,
				0F1CDA24274C0FF000343B28 /* WebService.swift in Sources */,
				0FC0E92F274E9620004B7160 /* HomePageViewController.swift in Sources */,
				0F1CDA26274CDC4400343B28 /* ItemViewModel.swift in Sources */,
				0F1CDA22274C0F8900343B28 /* NasaResponse.swift in Sources */,
			);
			runOnlyForDeploymentPostprocessing = 0;
		};
		0F1CD9FC274C064B00343B28 /* Sources */ = {
			isa = PBXSourcesBuildPhase;
			buildActionMask = 2147483647;
			files = (
				0F1CDA05274C064B00343B28 /* TheMilkyWayTests.swift in Sources */,
			);
			runOnlyForDeploymentPostprocessing = 0;
		};
		0F1CDA06274C064B00343B28 /* Sources */ = {
			isa = PBXSourcesBuildPhase;
			buildActionMask = 2147483647;
			files = (
				0F1CDA0F274C064B00343B28 /* TheMilkyWayUITests.swift in Sources */,
				0F1CDA11274C064B00343B28 /* TheMilkyWayUITestsLaunchTests.swift in Sources */,
			);
			runOnlyForDeploymentPostprocessing = 0;
		};
/* End PBXSourcesBuildPhase section */

/* Begin PBXTargetDependency section */
		0F1CDA02274C064B00343B28 /* PBXTargetDependency */ = {
			isa = PBXTargetDependency;
			target = 0F1CD9E9274C064900343B28 /* TheMilkyWay */;
			targetProxy = 0F1CDA01274C064B00343B28 /* PBXContainerItemProxy */;
		};
		0F1CDA0C274C064B00343B28 /* PBXTargetDependency */ = {
			isa = PBXTargetDependency;
			target = 0F1CD9E9274C064900343B28 /* TheMilkyWay */;
			targetProxy = 0F1CDA0B274C064B00343B28 /* PBXContainerItemProxy */;
		};
/* End PBXTargetDependency section */

/* Begin PBXVariantGroup section */
		0F1CD9F3274C064900343B28 /* Main.storyboard */ = {
			isa = PBXVariantGroup;
			children = (
				0F1CD9F4274C064900343B28 /* Base */,
			);
			name = Main.storyboard;
			sourceTree = "<group>";
		};
		0F1CD9F8274C064B00343B28 /* LaunchScreen.storyboard */ = {
			isa = PBXVariantGroup;
			children = (
				0F1CD9F9274C064B00343B28 /* Base */,
			);
			name = LaunchScreen.storyboard;
			sourceTree = "<group>";
		};
/* End PBXVariantGroup section */

/* Begin XCBuildConfiguration section */
		0F1CDA12274C064B00343B28 /* Debug */ = {
			isa = XCBuildConfiguration;
			buildSettings = {
				ALWAYS_SEARCH_USER_PATHS = NO;
				CLANG_ANALYZER_NONNULL = YES;
				CLANG_ANALYZER_NUMBER_OBJECT_CONVERSION = YES_AGGRESSIVE;
				CLANG_CXX_LANGUAGE_STANDARD = "gnu++17";
				CLANG_CXX_LIBRARY = "libc++";
				CLANG_ENABLE_MODULES = YES;
				CLANG_ENABLE_OBJC_ARC = YES;
				CLANG_ENABLE_OBJC_WEAK = YES;
				CLANG_WARN_BLOCK_CAPTURE_AUTORELEASING = YES;
				CLANG_WARN_BOOL_CONVERSION = YES;
				CLANG_WARN_COMMA = YES;
				CLANG_WARN_CONSTANT_CONVERSION = YES;
				CLANG_WARN_DEPRECATED_OBJC_IMPLEMENTATIONS = YES;
				CLANG_WARN_DIRECT_OBJC_ISA_USAGE = YES_ERROR;
				CLANG_WARN_DOCUMENTATION_COMMENTS = YES;
				CLANG_WARN_EMPTY_BODY = YES;
				CLANG_WARN_ENUM_CONVERSION = YES;
				CLANG_WARN_INFINITE_RECURSION = YES;
				CLANG_WARN_INT_CONVERSION = YES;
				CLANG_WARN_NON_LITERAL_NULL_CONVERSION = YES;
				CLANG_WARN_OBJC_IMPLICIT_RETAIN_SELF = YES;
				CLANG_WARN_OBJC_LITERAL_CONVERSION = YES;
				CLANG_WARN_OBJC_ROOT_CLASS = YES_ERROR;
				CLANG_WARN_QUOTED_INCLUDE_IN_FRAMEWORK_HEADER = YES;
				CLANG_WARN_RANGE_LOOP_ANALYSIS = YES;
				CLANG_WARN_STRICT_PROTOTYPES = YES;
				CLANG_WARN_SUSPICIOUS_MOVE = YES;
				CLANG_WARN_UNGUARDED_AVAILABILITY = YES_AGGRESSIVE;
				CLANG_WARN_UNREACHABLE_CODE = YES;
				CLANG_WARN__DUPLICATE_METHOD_MATCH = YES;
				COPY_PHASE_STRIP = NO;
				DEBUG_INFORMATION_FORMAT = dwarf;
				ENABLE_STRICT_OBJC_MSGSEND = YES;
				ENABLE_TESTABILITY = YES;
				GCC_C_LANGUAGE_STANDARD = gnu11;
				GCC_DYNAMIC_NO_PIC = NO;
				GCC_NO_COMMON_BLOCKS = YES;
				GCC_OPTIMIZATION_LEVEL = 0;
				GCC_PREPROCESSOR_DEFINITIONS = (
					"DEBUG=1",
					"$(inherited)",
				);
				GCC_WARN_64_TO_32_BIT_CONVERSION = YES;
				GCC_WARN_ABOUT_RETURN_TYPE = YES_ERROR;
				GCC_WARN_UNDECLARED_SELECTOR = YES;
				GCC_WARN_UNINITIALIZED_AUTOS = YES_AGGRESSIVE;
				GCC_WARN_UNUSED_FUNCTION = YES;
				GCC_WARN_UNUSED_VARIABLE = YES;
				IPHONEOS_DEPLOYMENT_TARGET = 15.0;
				MTL_ENABLE_DEBUG_INFO = INCLUDE_SOURCE;
				MTL_FAST_MATH = YES;
				ONLY_ACTIVE_ARCH = YES;
				SDKROOT = iphoneos;
				SWIFT_ACTIVE_COMPILATION_CONDITIONS = DEBUG;
				SWIFT_OPTIMIZATION_LEVEL = "-Onone";
			};
			name = Debug;
		};
		0F1CDA13274C064B00343B28 /* Release */ = {
			isa = XCBuildConfiguration;
			buildSettings = {
				ALWAYS_SEARCH_USER_PATHS = NO;
				CLANG_ANALYZER_NONNULL = YES;
				CLANG_ANALYZER_NUMBER_OBJECT_CONVERSION = YES_AGGRESSIVE;
				CLANG_CXX_LANGUAGE_STANDARD = "gnu++17";
				CLANG_CXX_LIBRARY = "libc++";
				CLANG_ENABLE_MODULES = YES;
				CLANG_ENABLE_OBJC_ARC = YES;
				CLANG_ENABLE_OBJC_WEAK = YES;
				CLANG_WARN_BLOCK_CAPTURE_AUTORELEASING = YES;
				CLANG_WARN_BOOL_CONVERSION = YES;
				CLANG_WARN_COMMA = YES;
				CLANG_WARN_CONSTANT_CONVERSION = YES;
				CLANG_WARN_DEPRECATED_OBJC_IMPLEMENTATIONS = YES;
				CLANG_WARN_DIRECT_OBJC_ISA_USAGE = YES_ERROR;
				CLANG_WARN_DOCUMENTATION_COMMENTS = YES;
				CLANG_WARN_EMPTY_BODY = YES;
				CLANG_WARN_ENUM_CONVERSION = YES;
				CLANG_WARN_INFINITE_RECURSION = YES;
				CLANG_WARN_INT_CONVERSION = YES;
				CLANG_WARN_NON_LITERAL_NULL_CONVERSION = YES;
				CLANG_WARN_OBJC_IMPLICIT_RETAIN_SELF = YES;
				CLANG_WARN_OBJC_LITERAL_CONVERSION = YES;
				CLANG_WARN_OBJC_ROOT_CLASS = YES_ERROR;
				CLANG_WARN_QUOTED_INCLUDE_IN_FRAMEWORK_HEADER = YES;
				CLANG_WARN_RANGE_LOOP_ANALYSIS = YES;
				CLANG_WARN_STRICT_PROTOTYPES = YES;
				CLANG_WARN_SUSPICIOUS_MOVE = YES;
				CLANG_WARN_UNGUARDED_AVAILABILITY = YES_AGGRESSIVE;
				CLANG_WARN_UNREACHABLE_CODE = YES;
				CLANG_WARN__DUPLICATE_METHOD_MATCH = YES;
				COPY_PHASE_STRIP = NO;
				DEBUG_INFORMATION_FORMAT = "dwarf-with-dsym";
				ENABLE_NS_ASSERTIONS = NO;
				ENABLE_STRICT_OBJC_MSGSEND = YES;
				GCC_C_LANGUAGE_STANDARD = gnu11;
				GCC_NO_COMMON_BLOCKS = YES;
				GCC_WARN_64_TO_32_BIT_CONVERSION = YES;
				GCC_WARN_ABOUT_RETURN_TYPE = YES_ERROR;
				GCC_WARN_UNDECLARED_SELECTOR = YES;
				GCC_WARN_UNINITIALIZED_AUTOS = YES_AGGRESSIVE;
				GCC_WARN_UNUSED_FUNCTION = YES;
				GCC_WARN_UNUSED_VARIABLE = YES;
				IPHONEOS_DEPLOYMENT_TARGET = 15.0;
				MTL_ENABLE_DEBUG_INFO = NO;
				MTL_FAST_MATH = YES;
				SDKROOT = iphoneos;
				SWIFT_COMPILATION_MODE = wholemodule;
				SWIFT_OPTIMIZATION_LEVEL = "-O";
				VALIDATE_PRODUCT = YES;
			};
			name = Release;
		};
		0F1CDA15274C064B00343B28 /* Debug */ = {
			isa = XCBuildConfiguration;
			buildSettings = {
				ASSETCATALOG_COMPILER_APPICON_NAME = AppIcon;
				ASSETCATALOG_COMPILER_GLOBAL_ACCENT_COLOR_NAME = AccentColor;
				CODE_SIGN_STYLE = Automatic;
				CURRENT_PROJECT_VERSION = 1;
				GENERATE_INFOPLIST_FILE = YES;
				INFOPLIST_FILE = TheMilkyWay/Info.plist;
				INFOPLIST_KEY_CFBundleDisplayName = "The Milky Way";
				INFOPLIST_KEY_UIApplicationSupportsIndirectInputEvents = YES;
				INFOPLIST_KEY_UILaunchStoryboardName = LaunchScreen;
				INFOPLIST_KEY_UIMainStoryboardFile = Main;
				INFOPLIST_KEY_UISupportedInterfaceOrientations = UIInterfaceOrientationPortrait;
				INFOPLIST_KEY_UISupportedInterfaceOrientations_iPad = "UIInterfaceOrientationPortrait UIInterfaceOrientationPortraitUpsideDown UIInterfaceOrientationLandscapeLeft UIInterfaceOrientationLandscapeRight";
				INFOPLIST_KEY_UISupportedInterfaceOrientations_iPhone = "UIInterfaceOrientationPortrait UIInterfaceOrientationLandscapeLeft UIInterfaceOrientationLandscapeRight";
				LD_RUNPATH_SEARCH_PATHS = (
					"$(inherited)",
					"@executable_path/Frameworks",
				);
				MARKETING_VERSION = 1.0;
				PRODUCT_BUNDLE_IDENTIFIER = za.co.kardiak.themilkyway;
				PRODUCT_NAME = "$(TARGET_NAME)";
				SWIFT_EMIT_LOC_STRINGS = YES;
				SWIFT_VERSION = 5.0;
				TARGETED_DEVICE_FAMILY = "1,2";
			};
			name = Debug;
		};
		0F1CDA16274C064B00343B28 /* Release */ = {
			isa = XCBuildConfiguration;
			buildSettings = {
				ASSETCATALOG_COMPILER_APPICON_NAME = AppIcon;
				ASSETCATALOG_COMPILER_GLOBAL_ACCENT_COLOR_NAME = AccentColor;
				CODE_SIGN_STYLE = Automatic;
				CURRENT_PROJECT_VERSION = 1;
				GENERATE_INFOPLIST_FILE = YES;
				INFOPLIST_FILE = TheMilkyWay/Info.plist;
				INFOPLIST_KEY_CFBundleDisplayName = "The Milky Way";
				INFOPLIST_KEY_UIApplicationSupportsIndirectInputEvents = YES;
				INFOPLIST_KEY_UILaunchStoryboardName = LaunchScreen;
				INFOPLIST_KEY_UIMainStoryboardFile = Main;
				INFOPLIST_KEY_UISupportedInterfaceOrientations = UIInterfaceOrientationPortrait;
				INFOPLIST_KEY_UISupportedInterfaceOrientations_iPad = "UIInterfaceOrientationPortrait UIInterfaceOrientationPortraitUpsideDown UIInterfaceOrientationLandscapeLeft UIInterfaceOrientationLandscapeRight";
				INFOPLIST_KEY_UISupportedInterfaceOrientations_iPhone = "UIInterfaceOrientationPortrait UIInterfaceOrientationLandscapeLeft UIInterfaceOrientationLandscapeRight";
				LD_RUNPATH_SEARCH_PATHS = (
					"$(inherited)",
					"@executable_path/Frameworks",
				);
				MARKETING_VERSION = 1.0;
				PRODUCT_BUNDLE_IDENTIFIER = za.co.kardiak.themilkyway;
				PRODUCT_NAME = "$(TARGET_NAME)";
				SWIFT_EMIT_LOC_STRINGS = YES;
				SWIFT_VERSION = 5.0;
				TARGETED_DEVICE_FAMILY = "1,2";
			};
			name = Release;
		};
		0F1CDA18274C064B00343B28 /* Debug */ = {
			isa = XCBuildConfiguration;
			buildSettings = {
				ALWAYS_EMBED_SWIFT_STANDARD_LIBRARIES = YES;
				BUNDLE_LOADER = "$(TEST_HOST)";
				CODE_SIGN_STYLE = Automatic;
				CURRENT_PROJECT_VERSION = 1;
				GENERATE_INFOPLIST_FILE = YES;
				IPHONEOS_DEPLOYMENT_TARGET = 15.0;
				LD_RUNPATH_SEARCH_PATHS = (
					"$(inherited)",
					"@executable_path/Frameworks",
					"@loader_path/Frameworks",
				);
				MARKETING_VERSION = 1.0;
				PRODUCT_BUNDLE_IDENTIFIER = za.co.kardiak.TheMilkyWayTests;
				PRODUCT_NAME = "$(TARGET_NAME)";
				SWIFT_EMIT_LOC_STRINGS = NO;
				SWIFT_VERSION = 5.0;
				TARGETED_DEVICE_FAMILY = "1,2";
				TEST_HOST = "$(BUILT_PRODUCTS_DIR)/TheMilkyWay.app/TheMilkyWay";
			};
			name = Debug;
		};
		0F1CDA19274C064B00343B28 /* Release */ = {
			isa = XCBuildConfiguration;
			buildSettings = {
				ALWAYS_EMBED_SWIFT_STANDARD_LIBRARIES = YES;
				BUNDLE_LOADER = "$(TEST_HOST)";
				CODE_SIGN_STYLE = Automatic;
				CURRENT_PROJECT_VERSION = 1;
				GENERATE_INFOPLIST_FILE = YES;
				IPHONEOS_DEPLOYMENT_TARGET = 15.0;
				LD_RUNPATH_SEARCH_PATHS = (
					"$(inherited)",
					"@executable_path/Frameworks",
					"@loader_path/Frameworks",
				);
				MARKETING_VERSION = 1.0;
				PRODUCT_BUNDLE_IDENTIFIER = za.co.kardiak.TheMilkyWayTests;
				PRODUCT_NAME = "$(TARGET_NAME)";
				SWIFT_EMIT_LOC_STRINGS = NO;
				SWIFT_VERSION = 5.0;
				TARGETED_DEVICE_FAMILY = "1,2";
				TEST_HOST = "$(BUILT_PRODUCTS_DIR)/TheMilkyWay.app/TheMilkyWay";
			};
			name = Release;
		};
		0F1CDA1B274C064B00343B28 /* Debug */ = {
			isa = XCBuildConfiguration;
			buildSettings = {
				ALWAYS_EMBED_SWIFT_STANDARD_LIBRARIES = YES;
				CODE_SIGN_STYLE = Automatic;
				CURRENT_PROJECT_VERSION = 1;
				GENERATE_INFOPLIST_FILE = YES;
				LD_RUNPATH_SEARCH_PATHS = (
					"$(inherited)",
					"@executable_path/Frameworks",
					"@loader_path/Frameworks",
				);
				MARKETING_VERSION = 1.0;
				PRODUCT_BUNDLE_IDENTIFIER = za.co.kardiak.TheMilkyWayUITests;
				PRODUCT_NAME = "$(TARGET_NAME)";
				SWIFT_EMIT_LOC_STRINGS = NO;
				SWIFT_VERSION = 5.0;
				TARGETED_DEVICE_FAMILY = "1,2";
				TEST_TARGET_NAME = TheMilkyWay;
			};
			name = Debug;
		};
		0F1CDA1C274C064B00343B28 /* Release */ = {
			isa = XCBuildConfiguration;
			buildSettings = {
				ALWAYS_EMBED_SWIFT_STANDARD_LIBRARIES = YES;
				CODE_SIGN_STYLE = Automatic;
				CURRENT_PROJECT_VERSION = 1;
				GENERATE_INFOPLIST_FILE = YES;
				LD_RUNPATH_SEARCH_PATHS = (
					"$(inherited)",
					"@executable_path/Frameworks",
					"@loader_path/Frameworks",
				);
				MARKETING_VERSION = 1.0;
				PRODUCT_BUNDLE_IDENTIFIER = za.co.kardiak.TheMilkyWayUITests;
				PRODUCT_NAME = "$(TARGET_NAME)";
				SWIFT_EMIT_LOC_STRINGS = NO;
				SWIFT_VERSION = 5.0;
				TARGETED_DEVICE_FAMILY = "1,2";
				TEST_TARGET_NAME = TheMilkyWay;
			};
			name = Release;
		};
/* End XCBuildConfiguration section */

/* Begin XCConfigurationList section */
		0F1CD9E5274C064900343B28 /* Build configuration list for PBXProject "TheMilkyWay" */ = {
			isa = XCConfigurationList;
			buildConfigurations = (
				0F1CDA12274C064B00343B28 /* Debug */,
				0F1CDA13274C064B00343B28 /* Release */,
			);
			defaultConfigurationIsVisible = 0;
			defaultConfigurationName = Release;
		};
		0F1CDA14274C064B00343B28 /* Build configuration list for PBXNativeTarget "TheMilkyWay" */ = {
			isa = XCConfigurationList;
			buildConfigurations = (
				0F1CDA15274C064B00343B28 /* Debug */,
				0F1CDA16274C064B00343B28 /* Release */,
			);
			defaultConfigurationIsVisible = 0;
			defaultConfigurationName = Release;
		};
		0F1CDA17274C064B00343B28 /* Build configuration list for PBXNativeTarget "TheMilkyWayTests" */ = {
			isa = XCConfigurationList;
			buildConfigurations = (
				0F1CDA18274C064B00343B28 /* Debug */,
				0F1CDA19274C064B00343B28 /* Release */,
			);
			defaultConfigurationIsVisible = 0;
			defaultConfigurationName = Release;
		};
		0F1CDA1A274C064B00343B28 /* Build configuration list for PBXNativeTarget "TheMilkyWayUITests" */ = {
			isa = XCConfigurationList;
			buildConfigurations = (
				0F1CDA1B274C064B00343B28 /* Debug */,
				0F1CDA1C274C064B00343B28 /* Release */,
			);
			defaultConfigurationIsVisible = 0;
			defaultConfigurationName = Release;
		};
/* End XCConfigurationList section */
	};
	rootObject = 0F1CD9E2274C064900343B28 /* Project object */;
}
